// !$*UTF8*$!
{
	archiveVersion = 1;
	classes = {
	};
	objectVersion = 56;
	objects = {

/* Begin PBXBuildFile section */
		FA1C56EB2B0530BA00DF310A /* TaskModel.swift in Sources */ = {isa = PBXBuildFile; fileRef = FA1C56EA2B0530BA00DF310A /* TaskModel.swift */; };
		FA1C56ED2B0531D600DF310A /* TaskViewModel.swift in Sources */ = {isa = PBXBuildFile; fileRef = FA1C56EC2B0531D600DF310A /* TaskViewModel.swift */; };
		FA1C570D2B054CC700DF310A /* TaskPageContentView.swift in Sources */ = {isa = PBXBuildFile; fileRef = FA1C570C2B054CC700DF310A /* TaskPageContentView.swift */; };
		FA1C570F2B054D0000DF310A /* CreateTaskContentView.swift in Sources */ = {isa = PBXBuildFile; fileRef = FA1C570E2B054D0000DF310A /* CreateTaskContentView.swift */; };
		FA1C57112B055A9C00DF310A /* TaskDetailContentView.swift in Sources */ = {isa = PBXBuildFile; fileRef = FA1C57102B055A9C00DF310A /* TaskDetailContentView.swift */; };
		FA1C57132B055BD400DF310A /* TaskPageViewModel.swift in Sources */ = {isa = PBXBuildFile; fileRef = FA1C57122B055BD400DF310A /* TaskPageViewModel.swift */; };
		FA1C57152B055C9800DF310A /* TaskRowContentView.swift in Sources */ = {isa = PBXBuildFile; fileRef = FA1C57142B055C9800DF310A /* TaskRowContentView.swift */; };
		FA1C57182B0578AA00DF310A /* TimeContentView.swift in Sources */ = {isa = PBXBuildFile; fileRef = FA1C57172B0578AA00DF310A /* TimeContentView.swift */; };
		FA1C571B2B05870100DF310A /* OKRContentView.swift in Sources */ = {isa = PBXBuildFile; fileRef = FA1C571A2B05870100DF310A /* OKRContentView.swift */; };
		FAD43BB02B03541E004B3D49 /* task_management_toolApp.swift in Sources */ = {isa = PBXBuildFile; fileRef = FAD43BAF2B03541E004B3D49 /* task_management_toolApp.swift */; };
		FAD43BB72B03541E004B3D49 /* ContentView.swift in Sources */ = {isa = PBXBuildFile; fileRef = FAD43BB62B03541E004B3D49 /* ContentView.swift */; };
		FAD43BB92B035420004B3D49 /* Assets.xcassets in Resources */ = {isa = PBXBuildFile; fileRef = FAD43BB82B035420004B3D49 /* Assets.xcassets */; };
		FAD43BBD2B035420004B3D49 /* Preview Assets.xcassets in Resources */ = {isa = PBXBuildFile; fileRef = FAD43BBC2B035420004B3D49 /* Preview Assets.xcassets */; };
		FAD43BC82B035420004B3D49 /* task_management_toolTests.swift in Sources */ = {isa = PBXBuildFile; fileRef = FAD43BC72B035420004B3D49 /* task_management_toolTests.swift */; };
		FAD43BD22B035420004B3D49 /* task_management_toolUITests.swift in Sources */ = {isa = PBXBuildFile; fileRef = FAD43BD12B035420004B3D49 /* task_management_toolUITests.swift */; };
		FAD43BD42B035420004B3D49 /* task_management_toolUITestsLaunchTests.swift in Sources */ = {isa = PBXBuildFile; fileRef = FAD43BD32B035420004B3D49 /* task_management_toolUITestsLaunchTests.swift */; };
/* End PBXBuildFile section */

/* Begin PBXContainerItemProxy section */
		FAD43BC42B035420004B3D49 /* PBXContainerItemProxy */ = {
			isa = PBXContainerItemProxy;
			containerPortal = FAD43BA42B03541E004B3D49 /* Project object */;
			proxyType = 1;
			remoteGlobalIDString = FAD43BAB2B03541E004B3D49;
			remoteInfo = task_management_tool;
		};
		FAD43BCE2B035420004B3D49 /* PBXContainerItemProxy */ = {
			isa = PBXContainerItemProxy;
			containerPortal = FAD43BA42B03541E004B3D49 /* Project object */;
			proxyType = 1;
			remoteGlobalIDString = FAD43BAB2B03541E004B3D49;
			remoteInfo = task_management_tool;
		};
/* End PBXContainerItemProxy section */

/* Begin PBXFileReference section */
		FA1C56EA2B0530BA00DF310A /* TaskModel.swift */ = {isa = PBXFileReference; lastKnownFileType = sourcecode.swift; path = TaskModel.swift; sourceTree = "<group>"; };
		FA1C56EC2B0531D600DF310A /* TaskViewModel.swift */ = {isa = PBXFileReference; lastKnownFileType = sourcecode.swift; path = TaskViewModel.swift; sourceTree = "<group>"; };
		FA1C570C2B054CC700DF310A /* TaskPageContentView.swift */ = {isa = PBXFileReference; lastKnownFileType = sourcecode.swift; path = TaskPageContentView.swift; sourceTree = "<group>"; };
		FA1C570E2B054D0000DF310A /* CreateTaskContentView.swift */ = {isa = PBXFileReference; lastKnownFileType = sourcecode.swift; path = CreateTaskContentView.swift; sourceTree = "<group>"; };
		FA1C57102B055A9C00DF310A /* TaskDetailContentView.swift */ = {isa = PBXFileReference; lastKnownFileType = sourcecode.swift; path = TaskDetailContentView.swift; sourceTree = "<group>"; };
		FA1C57122B055BD400DF310A /* TaskPageViewModel.swift */ = {isa = PBXFileReference; lastKnownFileType = sourcecode.swift; path = TaskPageViewModel.swift; sourceTree = "<group>"; };
		FA1C57142B055C9800DF310A /* TaskRowContentView.swift */ = {isa = PBXFileReference; lastKnownFileType = sourcecode.swift; path = TaskRowContentView.swift; sourceTree = "<group>"; };
		FA1C57172B0578AA00DF310A /* TimeContentView.swift */ = {isa = PBXFileReference; lastKnownFileType = sourcecode.swift; path = TimeContentView.swift; sourceTree = "<group>"; };
		FA1C571A2B05870100DF310A /* OKRContentView.swift */ = {isa = PBXFileReference; lastKnownFileType = sourcecode.swift; path = OKRContentView.swift; sourceTree = "<group>"; };
		FAD43BAC2B03541E004B3D49 /* task_management_tool.app */ = {isa = PBXFileReference; explicitFileType = wrapper.application; includeInIndex = 0; path = task_management_tool.app; sourceTree = BUILT_PRODUCTS_DIR; };
		FAD43BAF2B03541E004B3D49 /* task_management_toolApp.swift */ = {isa = PBXFileReference; lastKnownFileType = sourcecode.swift; path = task_management_toolApp.swift; sourceTree = "<group>"; };
		FAD43BB62B03541E004B3D49 /* ContentView.swift */ = {isa = PBXFileReference; lastKnownFileType = sourcecode.swift; path = ContentView.swift; sourceTree = "<group>"; };
		FAD43BB82B035420004B3D49 /* Assets.xcassets */ = {isa = PBXFileReference; lastKnownFileType = folder.assetcatalog; path = Assets.xcassets; sourceTree = "<group>"; };
		FAD43BBA2B035420004B3D49 /* task_management_tool.entitlements */ = {isa = PBXFileReference; lastKnownFileType = text.plist.entitlements; path = task_management_tool.entitlements; sourceTree = "<group>"; };
		FAD43BBC2B035420004B3D49 /* Preview Assets.xcassets */ = {isa = PBXFileReference; lastKnownFileType = folder.assetcatalog; path = "Preview Assets.xcassets"; sourceTree = "<group>"; };
		FAD43BBE2B035420004B3D49 /* Info.plist */ = {isa = PBXFileReference; lastKnownFileType = text.plist.xml; path = Info.plist; sourceTree = "<group>"; };
		FAD43BC32B035420004B3D49 /* task_management_toolTests.xctest */ = {isa = PBXFileReference; explicitFileType = wrapper.cfbundle; includeInIndex = 0; path = task_management_toolTests.xctest; sourceTree = BUILT_PRODUCTS_DIR; };
		FAD43BC72B035420004B3D49 /* task_management_toolTests.swift */ = {isa = PBXFileReference; lastKnownFileType = sourcecode.swift; path = task_management_toolTests.swift; sourceTree = "<group>"; };
		FAD43BCD2B035420004B3D49 /* task_management_toolUITests.xctest */ = {isa = PBXFileReference; explicitFileType = wrapper.cfbundle; includeInIndex = 0; path = task_management_toolUITests.xctest; sourceTree = BUILT_PRODUCTS_DIR; };
		FAD43BD12B035420004B3D49 /* task_management_toolUITests.swift */ = {isa = PBXFileReference; lastKnownFileType = sourcecode.swift; path = task_management_toolUITests.swift; sourceTree = "<group>"; };
		FAD43BD32B035420004B3D49 /* task_management_toolUITestsLaunchTests.swift */ = {isa = PBXFileReference; lastKnownFileType = sourcecode.swift; path = task_management_toolUITestsLaunchTests.swift; sourceTree = "<group>"; };
/* End PBXFileReference section */

/* Begin PBXFrameworksBuildPhase section */
		FAD43BA92B03541E004B3D49 /* Frameworks */ = {
			isa = PBXFrameworksBuildPhase;
			buildActionMask = 2147483647;
			files = (
			);
			runOnlyForDeploymentPostprocessing = 0;
		};
		FAD43BC02B035420004B3D49 /* Frameworks */ = {
			isa = PBXFrameworksBuildPhase;
			buildActionMask = 2147483647;
			files = (
			);
			runOnlyForDeploymentPostprocessing = 0;
		};
		FAD43BCA2B035420004B3D49 /* Frameworks */ = {
			isa = PBXFrameworksBuildPhase;
			buildActionMask = 2147483647;
			files = (
			);
			runOnlyForDeploymentPostprocessing = 0;
		};
/* End PBXFrameworksBuildPhase section */

/* Begin PBXGroup section */
		FA1C56F82B05416E00DF310A /* Task */ = {
			isa = PBXGroup;
			children = (
				FA1C57042B0543D900DF310A /* ViewModel */,
				FA1C56EA2B0530BA00DF310A /* TaskModel.swift */,
				FA1C570C2B054CC700DF310A /* TaskPageContentView.swift */,
				FA1C570E2B054D0000DF310A /* CreateTaskContentView.swift */,
				FA1C57102B055A9C00DF310A /* TaskDetailContentView.swift */,
				FA1C57142B055C9800DF310A /* TaskRowContentView.swift */,
			);
			path = Task;
			sourceTree = "<group>";
		};
		FA1C57042B0543D900DF310A /* ViewModel */ = {
			isa = PBXGroup;
			children = (
				FA1C56EC2B0531D600DF310A /* TaskViewModel.swift */,
				FA1C57122B055BD400DF310A /* TaskPageViewModel.swift */,
			);
			path = ViewModel;
			sourceTree = "<group>";
		};
		FA1C57162B05786A00DF310A /* Time */ = {
			isa = PBXGroup;
			children = (
				FA1C57172B0578AA00DF310A /* TimeContentView.swift */,
			);
			path = Time;
			sourceTree = "<group>";
		};
		FA1C57192B0586EC00DF310A /* OKR */ = {
			isa = PBXGroup;
			children = (
				FA1C571A2B05870100DF310A /* OKRContentView.swift */,
			);
			path = OKR;
			sourceTree = "<group>";
		};
		FAD43BA32B03541E004B3D49 = {
			isa = PBXGroup;
			children = (
				FAD43BAE2B03541E004B3D49 /* task_management_tool */,
				FAD43BC62B035420004B3D49 /* task_management_toolTests */,
				FAD43BD02B035420004B3D49 /* task_management_toolUITests */,
				FAD43BAD2B03541E004B3D49 /* Products */,
			);
			sourceTree = "<group>";
		};
		FAD43BAD2B03541E004B3D49 /* Products */ = {
			isa = PBXGroup;
			children = (
				FAD43BAC2B03541E004B3D49 /* task_management_tool.app */,
				FAD43BC32B035420004B3D49 /* task_management_toolTests.xctest */,
				FAD43BCD2B035420004B3D49 /* task_management_toolUITests.xctest */,
			);
			name = Products;
			sourceTree = "<group>";
		};
		FAD43BAE2B03541E004B3D49 /* task_management_tool */ = {
			isa = PBXGroup;
			children = (
				FA1C57192B0586EC00DF310A /* OKR */,
				FA1C57162B05786A00DF310A /* Time */,
				FA1C56F82B05416E00DF310A /* Task */,
				FAD43BAF2B03541E004B3D49 /* task_management_toolApp.swift */,
				FAD43BB62B03541E004B3D49 /* ContentView.swift */,
				FAD43BB82B035420004B3D49 /* Assets.xcassets */,
				FAD43BBA2B035420004B3D49 /* task_management_tool.entitlements */,
				FAD43BBE2B035420004B3D49 /* Info.plist */,
				FAD43BBB2B035420004B3D49 /* Preview Content */,
			);
			path = task_management_tool;
			sourceTree = "<group>";
		};
		FAD43BBB2B035420004B3D49 /* Preview Content */ = {
			isa = PBXGroup;
			children = (
				FAD43BBC2B035420004B3D49 /* Preview Assets.xcassets */,
			);
			path = "Preview Content";
			sourceTree = "<group>";
		};
		FAD43BC62B035420004B3D49 /* task_management_toolTests */ = {
			isa = PBXGroup;
			children = (
				FAD43BC72B035420004B3D49 /* task_management_toolTests.swift */,
			);
			path = task_management_toolTests;
			sourceTree = "<group>";
		};
		FAD43BD02B035420004B3D49 /* task_management_toolUITests */ = {
			isa = PBXGroup;
			children = (
				FAD43BD12B035420004B3D49 /* task_management_toolUITests.swift */,
				FAD43BD32B035420004B3D49 /* task_management_toolUITestsLaunchTests.swift */,
			);
			path = task_management_toolUITests;
			sourceTree = "<group>";
		};
/* End PBXGroup section */

/* Begin PBXNativeTarget section */
		FAD43BAB2B03541E004B3D49 /* task_management_tool */ = {
			isa = PBXNativeTarget;
			buildConfigurationList = FAD43BD72B035420004B3D49 /* Build configuration list for PBXNativeTarget "task_management_tool" */;
			buildPhases = (
				FAD43BA82B03541E004B3D49 /* Sources */,
				FAD43BA92B03541E004B3D49 /* Frameworks */,
				FAD43BAA2B03541E004B3D49 /* Resources */,
			);
			buildRules = (
			);
			dependencies = (
			);
			name = task_management_tool;
			productName = task_management_tool;
			productReference = FAD43BAC2B03541E004B3D49 /* task_management_tool.app */;
			productType = "com.apple.product-type.application";
		};
		FAD43BC22B035420004B3D49 /* task_management_toolTests */ = {
			isa = PBXNativeTarget;
			buildConfigurationList = FAD43BDA2B035420004B3D49 /* Build configuration list for PBXNativeTarget "task_management_toolTests" */;
			buildPhases = (
				FAD43BBF2B035420004B3D49 /* Sources */,
				FAD43BC02B035420004B3D49 /* Frameworks */,
				FAD43BC12B035420004B3D49 /* Resources */,
			);
			buildRules = (
			);
			dependencies = (
				FAD43BC52B035420004B3D49 /* PBXTargetDependency */,
			);
			name = task_management_toolTests;
			productName = task_management_toolTests;
			productReference = FAD43BC32B035420004B3D49 /* task_management_toolTests.xctest */;
			productType = "com.apple.product-type.bundle.unit-test";
		};
		FAD43BCC2B035420004B3D49 /* task_management_toolUITests */ = {
			isa = PBXNativeTarget;
			buildConfigurationList = FAD43BDD2B035420004B3D49 /* Build configuration list for PBXNativeTarget "task_management_toolUITests" */;
			buildPhases = (
				FAD43BC92B035420004B3D49 /* Sources */,
				FAD43BCA2B035420004B3D49 /* Frameworks */,
				FAD43BCB2B035420004B3D49 /* Resources */,
			);
			buildRules = (
			);
			dependencies = (
				FAD43BCF2B035420004B3D49 /* PBXTargetDependency */,
			);
			name = task_management_toolUITests;
			productName = task_management_toolUITests;
			productReference = FAD43BCD2B035420004B3D49 /* task_management_toolUITests.xctest */;
			productType = "com.apple.product-type.bundle.ui-testing";
		};
/* End PBXNativeTarget section */

/* Begin PBXProject section */
		FAD43BA42B03541E004B3D49 /* Project object */ = {
			isa = PBXProject;
			attributes = {
				BuildIndependentTargetsInParallel = 1;
				LastSwiftUpdateCheck = 1500;
				LastUpgradeCheck = 1500;
				TargetAttributes = {
					FAD43BAB2B03541E004B3D49 = {
						CreatedOnToolsVersion = 15.0.1;
					};
					FAD43BC22B035420004B3D49 = {
						CreatedOnToolsVersion = 15.0.1;
						TestTargetID = FAD43BAB2B03541E004B3D49;
					};
					FAD43BCC2B035420004B3D49 = {
						CreatedOnToolsVersion = 15.0.1;
						TestTargetID = FAD43BAB2B03541E004B3D49;
					};
				};
			};
			buildConfigurationList = FAD43BA72B03541E004B3D49 /* Build configuration list for PBXProject "task_management_tool" */;
			compatibilityVersion = "Xcode 14.0";
			developmentRegion = en;
			hasScannedForEncodings = 0;
			knownRegions = (
				en,
				Base,
			);
			mainGroup = FAD43BA32B03541E004B3D49;
			productRefGroup = FAD43BAD2B03541E004B3D49 /* Products */;
			projectDirPath = "";
			projectRoot = "";
			targets = (
				FAD43BAB2B03541E004B3D49 /* task_management_tool */,
				FAD43BC22B035420004B3D49 /* task_management_toolTests */,
				FAD43BCC2B035420004B3D49 /* task_management_toolUITests */,
			);
		};
/* End PBXProject section */

/* Begin PBXResourcesBuildPhase section */
		FAD43BAA2B03541E004B3D49 /* Resources */ = {
			isa = PBXResourcesBuildPhase;
			buildActionMask = 2147483647;
			files = (
				FAD43BBD2B035420004B3D49 /* Preview Assets.xcassets in Resources */,
				FAD43BB92B035420004B3D49 /* Assets.xcassets in Resources */,
			);
			runOnlyForDeploymentPostprocessing = 0;
		};
		FAD43BC12B035420004B3D49 /* Resources */ = {
			isa = PBXResourcesBuildPhase;
			buildActionMask = 2147483647;
			files = (
			);
			runOnlyForDeploymentPostprocessing = 0;
		};
		FAD43BCB2B035420004B3D49 /* Resources */ = {
			isa = PBXResourcesBuildPhase;
			buildActionMask = 2147483647;
			files = (
			);
			runOnlyForDeploymentPostprocessing = 0;
		};
/* End PBXResourcesBuildPhase section */

/* Begin PBXSourcesBuildPhase section */
		FAD43BA82B03541E004B3D49 /* Sources */ = {
			isa = PBXSourcesBuildPhase;
			buildActionMask = 2147483647;
			files = (
				FA1C570D2B054CC700DF310A /* TaskPageContentView.swift in Sources */,
				FA1C57112B055A9C00DF310A /* TaskDetailContentView.swift in Sources */,
				FA1C570F2B054D0000DF310A /* CreateTaskContentView.swift in Sources */,
				FA1C571B2B05870100DF310A /* OKRContentView.swift in Sources */,
				FAD43BB02B03541E004B3D49 /* task_management_toolApp.swift in Sources */,
				FA1C56EB2B0530BA00DF310A /* TaskModel.swift in Sources */,
				FA1C56ED2B0531D600DF310A /* TaskViewModel.swift in Sources */,
				FA1C57152B055C9800DF310A /* TaskRowContentView.swift in Sources */,
				FA1C57132B055BD400DF310A /* TaskPageViewModel.swift in Sources */,
				FAD43BB72B03541E004B3D49 /* ContentView.swift in Sources */,
				FA1C57182B0578AA00DF310A /* TimeContentView.swift in Sources */,
			);
			runOnlyForDeploymentPostprocessing = 0;
		};
		FAD43BBF2B035420004B3D49 /* Sources */ = {
			isa = PBXSourcesBuildPhase;
			buildActionMask = 2147483647;
			files = (
				FAD43BC82B035420004B3D49 /* task_management_toolTests.swift in Sources */,
			);
			runOnlyForDeploymentPostprocessing = 0;
		};
		FAD43BC92B035420004B3D49 /* Sources */ = {
			isa = PBXSourcesBuildPhase;
			buildActionMask = 2147483647;
			files = (
				FAD43BD42B035420004B3D49 /* task_management_toolUITestsLaunchTests.swift in Sources */,
				FAD43BD22B035420004B3D49 /* task_management_toolUITests.swift in Sources */,
			);
			runOnlyForDeploymentPostprocessing = 0;
		};
/* End PBXSourcesBuildPhase section */

/* Begin PBXTargetDependency section */
		FAD43BC52B035420004B3D49 /* PBXTargetDependency */ = {
			isa = PBXTargetDependency;
			target = FAD43BAB2B03541E004B3D49 /* task_management_tool */;
			targetProxy = FAD43BC42B035420004B3D49 /* PBXContainerItemProxy */;
		};
		FAD43BCF2B035420004B3D49 /* PBXTargetDependency */ = {
			isa = PBXTargetDependency;
			target = FAD43BAB2B03541E004B3D49 /* task_management_tool */;
			targetProxy = FAD43BCE2B035420004B3D49 /* PBXContainerItemProxy */;
		};
/* End PBXTargetDependency section */

/* Begin XCBuildConfiguration section */
		FAD43BD52B035420004B3D49 /* Debug */ = {
			isa = XCBuildConfiguration;
			buildSettings = {
				ALWAYS_SEARCH_USER_PATHS = NO;
				ASSETCATALOG_COMPILER_GENERATE_SWIFT_ASSET_SYMBOL_EXTENSIONS = YES;
				CLANG_ANALYZER_NONNULL = YES;
				CLANG_ANALYZER_NUMBER_OBJECT_CONVERSION = YES_AGGRESSIVE;
				CLANG_CXX_LANGUAGE_STANDARD = "gnu++20";
				CLANG_ENABLE_MODULES = YES;
				CLANG_ENABLE_OBJC_ARC = YES;
				CLANG_ENABLE_OBJC_WEAK = YES;
				CLANG_WARN_BLOCK_CAPTURE_AUTORELEASING = YES;
				CLANG_WARN_BOOL_CONVERSION = YES;
				CLANG_WARN_COMMA = YES;
				CLANG_WARN_CONSTANT_CONVERSION = YES;
				CLANG_WARN_DEPRECATED_OBJC_IMPLEMENTATIONS = YES;
				CLANG_WARN_DIRECT_OBJC_ISA_USAGE = YES_ERROR;
				CLANG_WARN_DOCUMENTATION_COMMENTS = YES;
				CLANG_WARN_EMPTY_BODY = YES;
				CLANG_WARN_ENUM_CONVERSION = YES;
				CLANG_WARN_INFINITE_RECURSION = YES;
				CLANG_WARN_INT_CONVERSION = YES;
				CLANG_WARN_NON_LITERAL_NULL_CONVERSION = YES;
				CLANG_WARN_OBJC_IMPLICIT_RETAIN_SELF = YES;
				CLANG_WARN_OBJC_LITERAL_CONVERSION = YES;
				CLANG_WARN_OBJC_ROOT_CLASS = YES_ERROR;
				CLANG_WARN_QUOTED_INCLUDE_IN_FRAMEWORK_HEADER = YES;
				CLANG_WARN_RANGE_LOOP_ANALYSIS = YES;
				CLANG_WARN_STRICT_PROTOTYPES = YES;
				CLANG_WARN_SUSPICIOUS_MOVE = YES;
				CLANG_WARN_UNGUARDED_AVAILABILITY = YES_AGGRESSIVE;
				CLANG_WARN_UNREACHABLE_CODE = YES;
				CLANG_WARN__DUPLICATE_METHOD_MATCH = YES;
				COPY_PHASE_STRIP = NO;
				DEBUG_INFORMATION_FORMAT = dwarf;
				ENABLE_STRICT_OBJC_MSGSEND = YES;
				ENABLE_TESTABILITY = YES;
				ENABLE_USER_SCRIPT_SANDBOXING = YES;
				GCC_C_LANGUAGE_STANDARD = gnu17;
				GCC_DYNAMIC_NO_PIC = NO;
				GCC_NO_COMMON_BLOCKS = YES;
				GCC_OPTIMIZATION_LEVEL = 0;
				GCC_PREPROCESSOR_DEFINITIONS = (
					"DEBUG=1",
					"$(inherited)",
				);
				GCC_WARN_64_TO_32_BIT_CONVERSION = YES;
				GCC_WARN_ABOUT_RETURN_TYPE = YES_ERROR;
				GCC_WARN_UNDECLARED_SELECTOR = YES;
				GCC_WARN_UNINITIALIZED_AUTOS = YES_AGGRESSIVE;
				GCC_WARN_UNUSED_FUNCTION = YES;
				GCC_WARN_UNUSED_VARIABLE = YES;
				LOCALIZATION_PREFERS_STRING_CATALOGS = YES;
				MTL_ENABLE_DEBUG_INFO = INCLUDE_SOURCE;
				MTL_FAST_MATH = YES;
				ONLY_ACTIVE_ARCH = YES;
				SWIFT_ACTIVE_COMPILATION_CONDITIONS = "DEBUG $(inherited)";
				SWIFT_OPTIMIZATION_LEVEL = "-Onone";
			};
			name = Debug;
		};
		FAD43BD62B035420004B3D49 /* Release */ = {
			isa = XCBuildConfiguration;
			buildSettings = {
				ALWAYS_SEARCH_USER_PATHS = NO;
				ASSETCATALOG_COMPILER_GENERATE_SWIFT_ASSET_SYMBOL_EXTENSIONS = YES;
				CLANG_ANALYZER_NONNULL = YES;
				CLANG_ANALYZER_NUMBER_OBJECT_CONVERSION = YES_AGGRESSIVE;
				CLANG_CXX_LANGUAGE_STANDARD = "gnu++20";
				CLANG_ENABLE_MODULES = YES;
				CLANG_ENABLE_OBJC_ARC = YES;
				CLANG_ENABLE_OBJC_WEAK = YES;
				CLANG_WARN_BLOCK_CAPTURE_AUTORELEASING = YES;
				CLANG_WARN_BOOL_CONVERSION = YES;
				CLANG_WARN_COMMA = YES;
				CLANG_WARN_CONSTANT_CONVERSION = YES;
				CLANG_WARN_DEPRECATED_OBJC_IMPLEMENTATIONS = YES;
				CLANG_WARN_DIRECT_OBJC_ISA_USAGE = YES_ERROR;
				CLANG_WARN_DOCUMENTATION_COMMENTS = YES;
				CLANG_WARN_EMPTY_BODY = YES;
				CLANG_WARN_ENUM_CONVERSION = YES;
				CLANG_WARN_INFINITE_RECURSION = YES;
				CLANG_WARN_INT_CONVERSION = YES;
				CLANG_WARN_NON_LITERAL_NULL_CONVERSION = YES;
				CLANG_WARN_OBJC_IMPLICIT_RETAIN_SELF = YES;
				CLANG_WARN_OBJC_LITERAL_CONVERSION = YES;
				CLANG_WARN_OBJC_ROOT_CLASS = YES_ERROR;
				CLANG_WARN_QUOTED_INCLUDE_IN_FRAMEWORK_HEADER = YES;
				CLANG_WARN_RANGE_LOOP_ANALYSIS = YES;
				CLANG_WARN_STRICT_PROTOTYPES = YES;
				CLANG_WARN_SUSPICIOUS_MOVE = YES;
				CLANG_WARN_UNGUARDED_AVAILABILITY = YES_AGGRESSIVE;
				CLANG_WARN_UNREACHABLE_CODE = YES;
				CLANG_WARN__DUPLICATE_METHOD_MATCH = YES;
				COPY_PHASE_STRIP = NO;
				DEBUG_INFORMATION_FORMAT = "dwarf-with-dsym";
				ENABLE_NS_ASSERTIONS = NO;
				ENABLE_STRICT_OBJC_MSGSEND = YES;
				ENABLE_USER_SCRIPT_SANDBOXING = YES;
				GCC_C_LANGUAGE_STANDARD = gnu17;
				GCC_NO_COMMON_BLOCKS = YES;
				GCC_WARN_64_TO_32_BIT_CONVERSION = YES;
				GCC_WARN_ABOUT_RETURN_TYPE = YES_ERROR;
				GCC_WARN_UNDECLARED_SELECTOR = YES;
				GCC_WARN_UNINITIALIZED_AUTOS = YES_AGGRESSIVE;
				GCC_WARN_UNUSED_FUNCTION = YES;
				GCC_WARN_UNUSED_VARIABLE = YES;
				LOCALIZATION_PREFERS_STRING_CATALOGS = YES;
				MTL_ENABLE_DEBUG_INFO = NO;
				MTL_FAST_MATH = YES;
				SWIFT_COMPILATION_MODE = wholemodule;
			};
			name = Release;
		};
		FAD43BD82B035420004B3D49 /* Debug */ = {
			isa = XCBuildConfiguration;
			buildSettings = {
				ASSETCATALOG_COMPILER_APPICON_NAME = AppIcon;
				ASSETCATALOG_COMPILER_GLOBAL_ACCENT_COLOR_NAME = AccentColor;
				CODE_SIGN_ENTITLEMENTS = task_management_tool/task_management_tool.entitlements;
				CODE_SIGN_IDENTITY = "Apple Development";
				CODE_SIGN_STYLE = Automatic;
				CURRENT_PROJECT_VERSION = 1;
				DEVELOPMENT_ASSET_PATHS = "\"task_management_tool/Preview Content\"";
				DEVELOPMENT_TEAM = 2APMGKW63H;
				ENABLE_HARDENED_RUNTIME = YES;
				ENABLE_PREVIEWS = YES;
				GENERATE_INFOPLIST_FILE = YES;
				INFOPLIST_FILE = task_management_tool/Info.plist;
				"INFOPLIST_KEY_UIApplicationSceneManifest_Generation[sdk=iphoneos*]" = YES;
				"INFOPLIST_KEY_UIApplicationSceneManifest_Generation[sdk=iphonesimulator*]" = YES;
				"INFOPLIST_KEY_UIApplicationSupportsIndirectInputEvents[sdk=iphoneos*]" = YES;
				"INFOPLIST_KEY_UIApplicationSupportsIndirectInputEvents[sdk=iphonesimulator*]" = YES;
				"INFOPLIST_KEY_UILaunchScreen_Generation[sdk=iphoneos*]" = YES;
				"INFOPLIST_KEY_UILaunchScreen_Generation[sdk=iphonesimulator*]" = YES;
				"INFOPLIST_KEY_UIStatusBarStyle[sdk=iphoneos*]" = UIStatusBarStyleDefault;
				"INFOPLIST_KEY_UIStatusBarStyle[sdk=iphonesimulator*]" = UIStatusBarStyleDefault;
				INFOPLIST_KEY_UISupportedInterfaceOrientations_iPad = "UIInterfaceOrientationPortrait UIInterfaceOrientationPortraitUpsideDown UIInterfaceOrientationLandscapeLeft UIInterfaceOrientationLandscapeRight";
				INFOPLIST_KEY_UISupportedInterfaceOrientations_iPhone = "UIInterfaceOrientationPortrait UIInterfaceOrientationLandscapeLeft UIInterfaceOrientationLandscapeRight";
				IPHONEOS_DEPLOYMENT_TARGET = 17.0;
				LD_RUNPATH_SEARCH_PATHS = "@executable_path/Frameworks";
				"LD_RUNPATH_SEARCH_PATHS[sdk=macosx*]" = "@executable_path/../Frameworks";
				MACOSX_DEPLOYMENT_TARGET = 14.0;
				MARKETING_VERSION = 1.0;
				PRODUCT_BUNDLE_IDENTIFIER = "super.hab.task-management-tool";
				PRODUCT_NAME = "$(TARGET_NAME)";
				PROVISIONING_PROFILE_SPECIFIER = "";
				SDKROOT = auto;
				SUPPORTED_PLATFORMS = "iphoneos iphonesimulator macosx";
				SWIFT_EMIT_LOC_STRINGS = YES;
				SWIFT_VERSION = 5.0;
				TARGETED_DEVICE_FAMILY = "1,2";
			};
			name = Debug;
		};
		FAD43BD92B035420004B3D49 /* Release */ = {
			isa = XCBuildConfiguration;
			buildSettings = {
				ASSETCATALOG_COMPILER_APPICON_NAME = AppIcon;
				ASSETCATALOG_COMPILER_GLOBAL_ACCENT_COLOR_NAME = AccentColor;
				CODE_SIGN_ENTITLEMENTS = task_management_tool/task_management_tool.entitlements;
				CODE_SIGN_IDENTITY = "Apple Development";
				CODE_SIGN_STYLE = Automatic;
				CURRENT_PROJECT_VERSION = 1;
				DEVELOPMENT_ASSET_PATHS = "\"task_management_tool/Preview Content\"";
				DEVELOPMENT_TEAM = 2APMGKW63H;
				ENABLE_HARDENED_RUNTIME = YES;
				ENABLE_PREVIEWS = YES;
				GENERATE_INFOPLIST_FILE = YES;
				INFOPLIST_FILE = task_management_tool/Info.plist;
				"INFOPLIST_KEY_UIApplicationSceneManifest_Generation[sdk=iphoneos*]" = YES;
				"INFOPLIST_KEY_UIApplicationSceneManifest_Generation[sdk=iphonesimulator*]" = YES;
				"INFOPLIST_KEY_UIApplicationSupportsIndirectInputEvents[sdk=iphoneos*]" = YES;
				"INFOPLIST_KEY_UIApplicationSupportsIndirectInputEvents[sdk=iphonesimulator*]" = YES;
				"INFOPLIST_KEY_UILaunchScreen_Generation[sdk=iphoneos*]" = YES;
				"INFOPLIST_KEY_UILaunchScreen_Generation[sdk=iphonesimulator*]" = YES;
				"INFOPLIST_KEY_UIStatusBarStyle[sdk=iphoneos*]" = UIStatusBarStyleDefault;
				"INFOPLIST_KEY_UIStatusBarStyle[sdk=iphonesimulator*]" = UIStatusBarStyleDefault;
				INFOPLIST_KEY_UISupportedInterfaceOrientations_iPad = "UIInterfaceOrientationPortrait UIInterfaceOrientationPortraitUpsideDown UIInterfaceOrientationLandscapeLeft UIInterfaceOrientationLandscapeRight";
				INFOPLIST_KEY_UISupportedInterfaceOrientations_iPhone = "UIInterfaceOrientationPortrait UIInterfaceOrientationLandscapeLeft UIInterfaceOrientationLandscapeRight";
				IPHONEOS_DEPLOYMENT_TARGET = 17.0;
				LD_RUNPATH_SEARCH_PATHS = "@executable_path/Frameworks";
				"LD_RUNPATH_SEARCH_PATHS[sdk=macosx*]" = "@executable_path/../Frameworks";
				MACOSX_DEPLOYMENT_TARGET = 14.0;
				MARKETING_VERSION = 1.0;
				PRODUCT_BUNDLE_IDENTIFIER = "super.hab.task-management-tool";
				PRODUCT_NAME = "$(TARGET_NAME)";
				PROVISIONING_PROFILE_SPECIFIER = "";
				SDKROOT = auto;
				SUPPORTED_PLATFORMS = "iphoneos iphonesimulator macosx";
				SWIFT_EMIT_LOC_STRINGS = YES;
				SWIFT_VERSION = 5.0;
				TARGETED_DEVICE_FAMILY = "1,2";
			};
			name = Release;
		};
		FAD43BDB2B035420004B3D49 /* Debug */ = {
			isa = XCBuildConfiguration;
			buildSettings = {
				ALWAYS_EMBED_SWIFT_STANDARD_LIBRARIES = YES;
				BUNDLE_LOADER = "$(TEST_HOST)";
				CODE_SIGN_STYLE = Automatic;
				CURRENT_PROJECT_VERSION = 1;
				DEVELOPMENT_TEAM = QMQRABLRNJ;
				GENERATE_INFOPLIST_FILE = YES;
				IPHONEOS_DEPLOYMENT_TARGET = 17.0;
				MACOSX_DEPLOYMENT_TARGET = 14.0;
				MARKETING_VERSION = 1.0;
				PRODUCT_BUNDLE_IDENTIFIER = "super.hab.task-management-toolTests";
				PRODUCT_NAME = "$(TARGET_NAME)";
				SDKROOT = auto;
				SUPPORTED_PLATFORMS = "iphoneos iphonesimulator macosx";
				SWIFT_EMIT_LOC_STRINGS = NO;
				SWIFT_VERSION = 5.0;
				TARGETED_DEVICE_FAMILY = "1,2";
				TEST_HOST = "$(BUILT_PRODUCTS_DIR)/task_management_tool.app/$(BUNDLE_EXECUTABLE_FOLDER_PATH)/task_management_tool";
			};
			name = Debug;
		};
		FAD43BDC2B035420004B3D49 /* Release */ = {
			isa = XCBuildConfiguration;
			buildSettings = {
				ALWAYS_EMBED_SWIFT_STANDARD_LIBRARIES = YES;
				BUNDLE_LOADER = "$(TEST_HOST)";
				CODE_SIGN_STYLE = Automatic;
				CURRENT_PROJECT_VERSION = 1;
				DEVELOPMENT_TEAM = QMQRABLRNJ;
				GENERATE_INFOPLIST_FILE = YES;
				IPHONEOS_DEPLOYMENT_TARGET = 17.0;
				MACOSX_DEPLOYMENT_TARGET = 14.0;
				MARKETING_VERSION = 1.0;
				PRODUCT_BUNDLE_IDENTIFIER = "super.hab.task-management-toolTests";
				PRODUCT_NAME = "$(TARGET_NAME)";
				SDKROOT = auto;
				SUPPORTED_PLATFORMS = "iphoneos iphonesimulator macosx";
				SWIFT_EMIT_LOC_STRINGS = NO;
				SWIFT_VERSION = 5.0;
				TARGETED_DEVICE_FAMILY = "1,2";
				TEST_HOST = "$(BUILT_PRODUCTS_DIR)/task_management_tool.app/$(BUNDLE_EXECUTABLE_FOLDER_PATH)/task_management_tool";
			};
			name = Release;
		};
		FAD43BDE2B035420004B3D49 /* Debug */ = {
			isa = XCBuildConfiguration;
			buildSettings = {
				ALWAYS_EMBED_SWIFT_STANDARD_LIBRARIES = YES;
				CODE_SIGN_STYLE = Automatic;
				CURRENT_PROJECT_VERSION = 1;
				DEVELOPMENT_TEAM = QMQRABLRNJ;
				GENERATE_INFOPLIST_FILE = YES;
				IPHONEOS_DEPLOYMENT_TARGET = 17.0;
				MACOSX_DEPLOYMENT_TARGET = 14.0;
				MARKETING_VERSION = 1.0;
				PRODUCT_BUNDLE_IDENTIFIER = "super.hab.task-management-toolUITests";
				PRODUCT_NAME = "$(TARGET_NAME)";
				SDKROOT = auto;
				SUPPORTED_PLATFORMS = "iphoneos iphonesimulator macosx";
				SWIFT_EMIT_LOC_STRINGS = NO;
				SWIFT_VERSION = 5.0;
				TARGETED_DEVICE_FAMILY = "1,2";
				TEST_TARGET_NAME = task_management_tool;
			};
			name = Debug;
		};
		FAD43BDF2B035420004B3D49 /* Release */ = {
			isa = XCBuildConfiguration;
			buildSettings = {
				ALWAYS_EMBED_SWIFT_STANDARD_LIBRARIES = YES;
				CODE_SIGN_STYLE = Automatic;
				CURRENT_PROJECT_VERSION = 1;
				DEVELOPMENT_TEAM = QMQRABLRNJ;
				GENERATE_INFOPLIST_FILE = YES;
				IPHONEOS_DEPLOYMENT_TARGET = 17.0;
				MACOSX_DEPLOYMENT_TARGET = 14.0;
				MARKETING_VERSION = 1.0;
				PRODUCT_BUNDLE_IDENTIFIER = "super.hab.task-management-toolUITests";
				PRODUCT_NAME = "$(TARGET_NAME)";
				SDKROOT = auto;
				SUPPORTED_PLATFORMS = "iphoneos iphonesimulator macosx";
				SWIFT_EMIT_LOC_STRINGS = NO;
				SWIFT_VERSION = 5.0;
				TARGETED_DEVICE_FAMILY = "1,2";
				TEST_TARGET_NAME = task_management_tool;
			};
			name = Release;
		};
/* End XCBuildConfiguration section */

/* Begin XCConfigurationList section */
		FAD43BA72B03541E004B3D49 /* Build configuration list for PBXProject "task_management_tool" */ = {
			isa = XCConfigurationList;
			buildConfigurations = (
				FAD43BD52B035420004B3D49 /* Debug */,
				FAD43BD62B035420004B3D49 /* Release */,
			);
			defaultConfigurationIsVisible = 0;
			defaultConfigurationName = Release;
		};
		FAD43BD72B035420004B3D49 /* Build configuration list for PBXNativeTarget "task_management_tool" */ = {
			isa = XCConfigurationList;
			buildConfigurations = (
				FAD43BD82B035420004B3D49 /* Debug */,
				FAD43BD92B035420004B3D49 /* Release */,
			);
			defaultConfigurationIsVisible = 0;
			defaultConfigurationName = Release;
		};
		FAD43BDA2B035420004B3D49 /* Build configuration list for PBXNativeTarget "task_management_toolTests" */ = {
			isa = XCConfigurationList;
			buildConfigurations = (
				FAD43BDB2B035420004B3D49 /* Debug */,
				FAD43BDC2B035420004B3D49 /* Release */,
			);
			defaultConfigurationIsVisible = 0;
			defaultConfigurationName = Release;
		};
		FAD43BDD2B035420004B3D49 /* Build configuration list for PBXNativeTarget "task_management_toolUITests" */ = {
			isa = XCConfigurationList;
			buildConfigurations = (
				FAD43BDE2B035420004B3D49 /* Debug */,
				FAD43BDF2B035420004B3D49 /* Release */,
			);
			defaultConfigurationIsVisible = 0;
			defaultConfigurationName = Release;
		};
/* End XCConfigurationList section */
	};
	rootObject = FAD43BA42B03541E004B3D49 /* Project object */;
}
